# THIS IS AN AUTOGENERATED FILE. DO NOT EDIT THIS FILE DIRECTLY.
# yarn lockfile v1


phosphor-react@^1.4.1:
  version "1.4.1"
  resolved "https://registry.yarnpkg.com/phosphor-react/-/phosphor-react-1.4.1.tgz#97b0e034d9937db9b97fe53b186e9646464fd4e7"
  integrity sha512-gO5j7U0xZrdglTAYDYPACU4xDOFBTJmptrrB/GeR+tHhCZF3nUMyGmV/0hnloKjuTrOmpSFlbfOY78H39rgjUQ==

react-hook-form@^7.42.1:
  version "7.42.1"
  resolved "https://registry.yarnpkg.com/react-hook-form/-/react-hook-form-7.42.1.tgz#c6396ca684716d89abc1c7e64343badfd30c56c6"
  integrity sha512-2UIGqwMZksd5HS55crTT1ATLTr0rAI4jS7yVuqTaoRVDhY2Qc4IyjskCmpnmdYqUNOYFy04vW253tb2JRVh+IQ==
